// !$*UTF8*$!
{
	archiveVersion = 1;
	classes = {
	};
	objectVersion = 56;
	objects = {

/* Begin PBXBuildFile section */
		06CB9A27E2D0FA064DA304EC /* Pods_ProductViewerTests.framework in Frameworks */ = {isa = PBXBuildFile; fileRef = 38A36C8399DE490490C3DABB /* Pods_ProductViewerTests.framework */; };
		2D9F5CB54200E503A0C8FFA9 /* Pods_ProductViewer_ProductViewerUITests.framework in Frameworks */ = {isa = PBXBuildFile; fileRef = E618AE765223D28174B6A267 /* Pods_ProductViewer_ProductViewerUITests.framework */; };
		B82184EA2A35E59600CA33A6 /* AppDelegate.swift in Sources */ = {isa = PBXBuildFile; fileRef = B82184E92A35E59600CA33A6 /* AppDelegate.swift */; };
		B82184EC2A35E59600CA33A6 /* SceneDelegate.swift in Sources */ = {isa = PBXBuildFile; fileRef = B82184EB2A35E59600CA33A6 /* SceneDelegate.swift */; };
		B82184F12A35E59600CA33A6 /* Main.storyboard in Resources */ = {isa = PBXBuildFile; fileRef = B82184EF2A35E59600CA33A6 /* Main.storyboard */; };
		B82184F42A35E59600CA33A6 /* ProductViewer.xcdatamodeld in Sources */ = {isa = PBXBuildFile; fileRef = B82184F22A35E59600CA33A6 /* ProductViewer.xcdatamodeld */; };
		B82184F62A35E59800CA33A6 /* Assets.xcassets in Resources */ = {isa = PBXBuildFile; fileRef = B82184F52A35E59800CA33A6 /* Assets.xcassets */; };
		B82184F92A35E59800CA33A6 /* LaunchScreen.storyboard in Resources */ = {isa = PBXBuildFile; fileRef = B82184F72A35E59800CA33A6 /* LaunchScreen.storyboard */; };
		B82185042A35E59800CA33A6 /* ProductViewerTests.swift in Sources */ = {isa = PBXBuildFile; fileRef = B82185032A35E59800CA33A6 /* ProductViewerTests.swift */; };
		B821850E2A35E59800CA33A6 /* ProductViewerUITests.swift in Sources */ = {isa = PBXBuildFile; fileRef = B821850D2A35E59800CA33A6 /* ProductViewerUITests.swift */; };
		B82185102A35E59800CA33A6 /* ProductViewerUITestsLaunchTests.swift in Sources */ = {isa = PBXBuildFile; fileRef = B821850F2A35E59800CA33A6 /* ProductViewerUITestsLaunchTests.swift */; };
		B821851E2A35E5C900CA33A6 /* Products.swift in Sources */ = {isa = PBXBuildFile; fileRef = B821851D2A35E5C900CA33A6 /* Products.swift */; };
		B82185232A35E61F00CA33A6 /* NetworkServiceProtocol.swift in Sources */ = {isa = PBXBuildFile; fileRef = B82185222A35E61F00CA33A6 /* NetworkServiceProtocol.swift */; };
		B82185262A35E64900CA33A6 /* NetworkService.swift in Sources */ = {isa = PBXBuildFile; fileRef = B82185252A35E64900CA33A6 /* NetworkService.swift */; };
		B821852A2A35E67F00CA33A6 /* CachingService.swift in Sources */ = {isa = PBXBuildFile; fileRef = B82185292A35E67F00CA33A6 /* CachingService.swift */; };
		B82185312A35E6EA00CA33A6 /* ProductViewModel.swift in Sources */ = {isa = PBXBuildFile; fileRef = B82185302A35E6EA00CA33A6 /* ProductViewModel.swift */; };
		B82185362A35E73400CA33A6 /* ProductDetailsViewModel.swift in Sources */ = {isa = PBXBuildFile; fileRef = B82185352A35E73400CA33A6 /* ProductDetailsViewModel.swift */; };
		B82185382A35E8E200CA33A6 /* ProductCollectionViewController.swift in Sources */ = {isa = PBXBuildFile; fileRef = B82185372A35E8E200CA33A6 /* ProductCollectionViewController.swift */; };
		B821853B2A35E94F00CA33A6 /* ProductCollectionViewCell.swift in Sources */ = {isa = PBXBuildFile; fileRef = B82185392A35E94F00CA33A6 /* ProductCollectionViewCell.swift */; };
		B821853C2A35E94F00CA33A6 /* ProductCollectionViewCell.xib in Resources */ = {isa = PBXBuildFile; fileRef = B821853A2A35E94F00CA33A6 /* ProductCollectionViewCell.xib */; };
		B84A78C02A375456002FE3D1 /* Constants.swift in Sources */ = {isa = PBXBuildFile; fileRef = B84A78BF2A375455002FE3D1 /* Constants.swift */; };
		D561E1711D4F81EBFB134074 /* Pods_ProductViewer.framework in Frameworks */ = {isa = PBXBuildFile; fileRef = D5E7CBEC5BDC79C632A7B791 /* Pods_ProductViewer.framework */; };
/* End PBXBuildFile section */

/* Begin PBXContainerItemProxy section */
		B82185002A35E59800CA33A6 /* PBXContainerItemProxy */ = {
			isa = PBXContainerItemProxy;
			containerPortal = B82184DE2A35E59600CA33A6 /* Project object */;
			proxyType = 1;
			remoteGlobalIDString = B82184E52A35E59600CA33A6;
			remoteInfo = ProductViewer;
		};
		B821850A2A35E59800CA33A6 /* PBXContainerItemProxy */ = {
			isa = PBXContainerItemProxy;
			containerPortal = B82184DE2A35E59600CA33A6 /* Project object */;
			proxyType = 1;
			remoteGlobalIDString = B82184E52A35E59600CA33A6;
			remoteInfo = ProductViewer;
		};
/* End PBXContainerItemProxy section */

/* Begin PBXFileReference section */
		1E6150AA27A96639FED04BAE /* Pods-ProductViewerTests.debug.xcconfig */ = {isa = PBXFileReference; includeInIndex = 1; lastKnownFileType = text.xcconfig; name = "Pods-ProductViewerTests.debug.xcconfig"; path = "Target Support Files/Pods-ProductViewerTests/Pods-ProductViewerTests.debug.xcconfig"; sourceTree = "<group>"; };
		38A36C8399DE490490C3DABB /* Pods_ProductViewerTests.framework */ = {isa = PBXFileReference; explicitFileType = wrapper.framework; includeInIndex = 0; path = Pods_ProductViewerTests.framework; sourceTree = BUILT_PRODUCTS_DIR; };
		4AADC2215D9CED5C6FF32E52 /* Pods-ProductViewer-ProductViewerUITests.debug.xcconfig */ = {isa = PBXFileReference; includeInIndex = 1; lastKnownFileType = text.xcconfig; name = "Pods-ProductViewer-ProductViewerUITests.debug.xcconfig"; path = "Target Support Files/Pods-ProductViewer-ProductViewerUITests/Pods-ProductViewer-ProductViewerUITests.debug.xcconfig"; sourceTree = "<group>"; };
		739986AA972B6166C274BF91 /* Pods-ProductViewer-ProductViewerUITests.release.xcconfig */ = {isa = PBXFileReference; includeInIndex = 1; lastKnownFileType = text.xcconfig; name = "Pods-ProductViewer-ProductViewerUITests.release.xcconfig"; path = "Target Support Files/Pods-ProductViewer-ProductViewerUITests/Pods-ProductViewer-ProductViewerUITests.release.xcconfig"; sourceTree = "<group>"; };
		9B21A6B5B91F018E378C72AC /* Pods-ProductViewer.debug.xcconfig */ = {isa = PBXFileReference; includeInIndex = 1; lastKnownFileType = text.xcconfig; name = "Pods-ProductViewer.debug.xcconfig"; path = "Target Support Files/Pods-ProductViewer/Pods-ProductViewer.debug.xcconfig"; sourceTree = "<group>"; };
		B82184E62A35E59600CA33A6 /* ProductViewer.app */ = {isa = PBXFileReference; explicitFileType = wrapper.application; includeInIndex = 0; path = ProductViewer.app; sourceTree = BUILT_PRODUCTS_DIR; };
		B82184E92A35E59600CA33A6 /* AppDelegate.swift */ = {isa = PBXFileReference; lastKnownFileType = sourcecode.swift; path = AppDelegate.swift; sourceTree = "<group>"; };
		B82184EB2A35E59600CA33A6 /* SceneDelegate.swift */ = {isa = PBXFileReference; lastKnownFileType = sourcecode.swift; path = SceneDelegate.swift; sourceTree = "<group>"; };
		B82184F02A35E59600CA33A6 /* Base */ = {isa = PBXFileReference; lastKnownFileType = file.storyboard; name = Base; path = Base.lproj/Main.storyboard; sourceTree = "<group>"; };
		B82184F32A35E59600CA33A6 /* ProductViewer.xcdatamodel */ = {isa = PBXFileReference; lastKnownFileType = wrapper.xcdatamodel; path = ProductViewer.xcdatamodel; sourceTree = "<group>"; };
		B82184F52A35E59800CA33A6 /* Assets.xcassets */ = {isa = PBXFileReference; lastKnownFileType = folder.assetcatalog; path = Assets.xcassets; sourceTree = "<group>"; };
		B82184F82A35E59800CA33A6 /* Base */ = {isa = PBXFileReference; lastKnownFileType = file.storyboard; name = Base; path = Base.lproj/LaunchScreen.storyboard; sourceTree = "<group>"; };
		B82184FA2A35E59800CA33A6 /* Info.plist */ = {isa = PBXFileReference; lastKnownFileType = text.plist.xml; path = Info.plist; sourceTree = "<group>"; };
		B82184FF2A35E59800CA33A6 /* ProductViewerTests.xctest */ = {isa = PBXFileReference; explicitFileType = wrapper.cfbundle; includeInIndex = 0; path = ProductViewerTests.xctest; sourceTree = BUILT_PRODUCTS_DIR; };
		B82185032A35E59800CA33A6 /* ProductViewerTests.swift */ = {isa = PBXFileReference; lastKnownFileType = sourcecode.swift; path = ProductViewerTests.swift; sourceTree = "<group>"; };
		B82185092A35E59800CA33A6 /* ProductViewerUITests.xctest */ = {isa = PBXFileReference; explicitFileType = wrapper.cfbundle; includeInIndex = 0; path = ProductViewerUITests.xctest; sourceTree = BUILT_PRODUCTS_DIR; };
		B821850D2A35E59800CA33A6 /* ProductViewerUITests.swift */ = {isa = PBXFileReference; lastKnownFileType = sourcecode.swift; path = ProductViewerUITests.swift; sourceTree = "<group>"; };
		B821850F2A35E59800CA33A6 /* ProductViewerUITestsLaunchTests.swift */ = {isa = PBXFileReference; lastKnownFileType = sourcecode.swift; path = ProductViewerUITestsLaunchTests.swift; sourceTree = "<group>"; };
		B821851D2A35E5C900CA33A6 /* Products.swift */ = {isa = PBXFileReference; lastKnownFileType = sourcecode.swift; path = Products.swift; sourceTree = "<group>"; };
		B82185222A35E61F00CA33A6 /* NetworkServiceProtocol.swift */ = {isa = PBXFileReference; lastKnownFileType = sourcecode.swift; path = NetworkServiceProtocol.swift; sourceTree = "<group>"; };
		B82185252A35E64900CA33A6 /* NetworkService.swift */ = {isa = PBXFileReference; lastKnownFileType = sourcecode.swift; path = NetworkService.swift; sourceTree = "<group>"; };
		B82185292A35E67F00CA33A6 /* CachingService.swift */ = {isa = PBXFileReference; lastKnownFileType = sourcecode.swift; path = CachingService.swift; sourceTree = "<group>"; };
		B82185302A35E6EA00CA33A6 /* ProductViewModel.swift */ = {isa = PBXFileReference; lastKnownFileType = sourcecode.swift; path = ProductViewModel.swift; sourceTree = "<group>"; };
		B82185352A35E73400CA33A6 /* ProductDetailsViewModel.swift */ = {isa = PBXFileReference; lastKnownFileType = sourcecode.swift; path = ProductDetailsViewModel.swift; sourceTree = "<group>"; };
		B82185372A35E8E200CA33A6 /* ProductCollectionViewController.swift */ = {isa = PBXFileReference; lastKnownFileType = sourcecode.swift; path = ProductCollectionViewController.swift; sourceTree = "<group>"; };
		B82185392A35E94F00CA33A6 /* ProductCollectionViewCell.swift */ = {isa = PBXFileReference; lastKnownFileType = sourcecode.swift; path = ProductCollectionViewCell.swift; sourceTree = "<group>"; };
		B821853A2A35E94F00CA33A6 /* ProductCollectionViewCell.xib */ = {isa = PBXFileReference; lastKnownFileType = file.xib; path = ProductCollectionViewCell.xib; sourceTree = "<group>"; };
		B84A78BF2A375455002FE3D1 /* Constants.swift */ = {isa = PBXFileReference; lastKnownFileType = sourcecode.swift; path = Constants.swift; sourceTree = "<group>"; };
		D274F5876D0CB73A3F62AB82 /* Pods-ProductViewer.release.xcconfig */ = {isa = PBXFileReference; includeInIndex = 1; lastKnownFileType = text.xcconfig; name = "Pods-ProductViewer.release.xcconfig"; path = "Target Support Files/Pods-ProductViewer/Pods-ProductViewer.release.xcconfig"; sourceTree = "<group>"; };
		D5E7CBEC5BDC79C632A7B791 /* Pods_ProductViewer.framework */ = {isa = PBXFileReference; explicitFileType = wrapper.framework; includeInIndex = 0; path = Pods_ProductViewer.framework; sourceTree = BUILT_PRODUCTS_DIR; };
		DE65EED174C25B78BF9B7F52 /* Pods-ProductViewerTests.release.xcconfig */ = {isa = PBXFileReference; includeInIndex = 1; lastKnownFileType = text.xcconfig; name = "Pods-ProductViewerTests.release.xcconfig"; path = "Target Support Files/Pods-ProductViewerTests/Pods-ProductViewerTests.release.xcconfig"; sourceTree = "<group>"; };
		E618AE765223D28174B6A267 /* Pods_ProductViewer_ProductViewerUITests.framework */ = {isa = PBXFileReference; explicitFileType = wrapper.framework; includeInIndex = 0; path = Pods_ProductViewer_ProductViewerUITests.framework; sourceTree = BUILT_PRODUCTS_DIR; };
/* End PBXFileReference section */

/* Begin PBXFrameworksBuildPhase section */
		B82184E32A35E59600CA33A6 /* Frameworks */ = {
			isa = PBXFrameworksBuildPhase;
			buildActionMask = 2147483647;
			files = (
				D561E1711D4F81EBFB134074 /* Pods_ProductViewer.framework in Frameworks */,
			);
			runOnlyForDeploymentPostprocessing = 0;
		};
		B82184FC2A35E59800CA33A6 /* Frameworks */ = {
			isa = PBXFrameworksBuildPhase;
			buildActionMask = 2147483647;
			files = (
				06CB9A27E2D0FA064DA304EC /* Pods_ProductViewerTests.framework in Frameworks */,
			);
			runOnlyForDeploymentPostprocessing = 0;
		};
		B82185062A35E59800CA33A6 /* Frameworks */ = {
			isa = PBXFrameworksBuildPhase;
			buildActionMask = 2147483647;
			files = (
				2D9F5CB54200E503A0C8FFA9 /* Pods_ProductViewer_ProductViewerUITests.framework in Frameworks */,
			);
			runOnlyForDeploymentPostprocessing = 0;
		};
/* End PBXFrameworksBuildPhase section */

/* Begin PBXGroup section */
		815FEF09FCC3E15BD7C6C320 /* Pods */ = {
			isa = PBXGroup;
			children = (
				9B21A6B5B91F018E378C72AC /* Pods-ProductViewer.debug.xcconfig */,
				D274F5876D0CB73A3F62AB82 /* Pods-ProductViewer.release.xcconfig */,
				4AADC2215D9CED5C6FF32E52 /* Pods-ProductViewer-ProductViewerUITests.debug.xcconfig */,
				739986AA972B6166C274BF91 /* Pods-ProductViewer-ProductViewerUITests.release.xcconfig */,
				1E6150AA27A96639FED04BAE /* Pods-ProductViewerTests.debug.xcconfig */,
				DE65EED174C25B78BF9B7F52 /* Pods-ProductViewerTests.release.xcconfig */,
			);
			path = Pods;
			sourceTree = "<group>";
		};
		B82184DD2A35E59600CA33A6 = {
			isa = PBXGroup;
			children = (
				B82184E82A35E59600CA33A6 /* ProductViewer */,
				B82185022A35E59800CA33A6 /* ProductViewerTests */,
				B821850C2A35E59800CA33A6 /* ProductViewerUITests */,
				B82184E72A35E59600CA33A6 /* Products */,
				815FEF09FCC3E15BD7C6C320 /* Pods */,
				EF30784DC647E79BB4E2C253 /* Frameworks */,
			);
			sourceTree = "<group>";
		};
		B82184E72A35E59600CA33A6 /* Products */ = {
			isa = PBXGroup;
			children = (
				B82184E62A35E59600CA33A6 /* ProductViewer.app */,
				B82184FF2A35E59800CA33A6 /* ProductViewerTests.xctest */,
				B82185092A35E59800CA33A6 /* ProductViewerUITests.xctest */,
			);
			name = Products;
			sourceTree = "<group>";
		};
		B82184E82A35E59600CA33A6 /* ProductViewer */ = {
			isa = PBXGroup;
			children = (
				B84A78BE2A375441002FE3D1 /* Utilities */,
				B821852B2A35E69500CA33A6 /* Modules */,
				B821851F2A35E5E400CA33A6 /* Services */,
				B821851C2A35E5B900CA33A6 /* Model */,
				B82184E92A35E59600CA33A6 /* AppDelegate.swift */,
				B82184EF2A35E59600CA33A6 /* Main.storyboard */,
				B82184EB2A35E59600CA33A6 /* SceneDelegate.swift */,
				B82184F52A35E59800CA33A6 /* Assets.xcassets */,
				B82184F72A35E59800CA33A6 /* LaunchScreen.storyboard */,
				B82184FA2A35E59800CA33A6 /* Info.plist */,
			);
			path = ProductViewer;
			sourceTree = "<group>";
		};
		B82185022A35E59800CA33A6 /* ProductViewerTests */ = {
			isa = PBXGroup;
			children = (
				B82185032A35E59800CA33A6 /* ProductViewerTests.swift */,
			);
			path = ProductViewerTests;
			sourceTree = "<group>";
		};
		B821850C2A35E59800CA33A6 /* ProductViewerUITests */ = {
			isa = PBXGroup;
			children = (
				B821850D2A35E59800CA33A6 /* ProductViewerUITests.swift */,
				B821850F2A35E59800CA33A6 /* ProductViewerUITestsLaunchTests.swift */,
			);
			path = ProductViewerUITests;
			sourceTree = "<group>";
		};
		B821851C2A35E5B900CA33A6 /* Model */ = {
			isa = PBXGroup;
			children = (
				B821851D2A35E5C900CA33A6 /* Products.swift */,
			);
			path = Model;
			sourceTree = "<group>";
		};
		B821851F2A35E5E400CA33A6 /* Services */ = {
			isa = PBXGroup;
			children = (
				B82185212A35E60700CA33A6 /* CachingService */,
				B82185202A35E5ED00CA33A6 /* NetworkService */,
			);
			path = Services;
			sourceTree = "<group>";
		};
		B82185202A35E5ED00CA33A6 /* NetworkService */ = {
			isa = PBXGroup;
			children = (
				B82185222A35E61F00CA33A6 /* NetworkServiceProtocol.swift */,
				B82185252A35E64900CA33A6 /* NetworkService.swift */,
			);
			path = NetworkService;
			sourceTree = "<group>";
		};
		B82185212A35E60700CA33A6 /* CachingService */ = {
			isa = PBXGroup;
			children = (
				B82184F22A35E59600CA33A6 /* ProductViewer.xcdatamodeld */,
				B82185292A35E67F00CA33A6 /* CachingService.swift */,
			);
			path = CachingService;
			sourceTree = "<group>";
		};
		B821852B2A35E69500CA33A6 /* Modules */ = {
			isa = PBXGroup;
			children = (
				B821852D2A35E6A400CA33A6 /* ProductDetails */,
				B821852C2A35E69C00CA33A6 /* Product */,
			);
			path = Modules;
			sourceTree = "<group>";
		};
		B821852C2A35E69C00CA33A6 /* Product */ = {
			isa = PBXGroup;
			children = (
				B821852F2A35E6BC00CA33A6 /* ProductViewModel */,
				B821852E2A35E6B100CA33A6 /* ProductView */,
			);
			path = Product;
			sourceTree = "<group>";
		};
		B821852D2A35E6A400CA33A6 /* ProductDetails */ = {
			isa = PBXGroup;
			children = (
				B82185332A35E70E00CA33A6 /* ProductDetailsViewModel */,
				B82185322A35E70200CA33A6 /* ProductDetailsView */,
			);
			path = ProductDetails;
			sourceTree = "<group>";
		};
		B821852E2A35E6B100CA33A6 /* ProductView */ = {
			isa = PBXGroup;
			children = (
				B82185372A35E8E200CA33A6 /* ProductCollectionViewController.swift */,
				B82185392A35E94F00CA33A6 /* ProductCollectionViewCell.swift */,
				B821853A2A35E94F00CA33A6 /* ProductCollectionViewCell.xib */,
			);
			path = ProductView;
			sourceTree = "<group>";
		};
		B821852F2A35E6BC00CA33A6 /* ProductViewModel */ = {
			isa = PBXGroup;
			children = (
				B82185302A35E6EA00CA33A6 /* ProductViewModel.swift */,
			);
			path = ProductViewModel;
			sourceTree = "<group>";
		};
		B82185322A35E70200CA33A6 /* ProductDetailsView */ = {
			isa = PBXGroup;
			children = (
			);
			path = ProductDetailsView;
			sourceTree = "<group>";
		};
		B82185332A35E70E00CA33A6 /* ProductDetailsViewModel */ = {
			isa = PBXGroup;
			children = (
				B82185352A35E73400CA33A6 /* ProductDetailsViewModel.swift */,
			);
			path = ProductDetailsViewModel;
			sourceTree = "<group>";
		};
		B84A78BE2A375441002FE3D1 /* Utilities */ = {
			isa = PBXGroup;
			children = (
				B84A78BF2A375455002FE3D1 /* Constants.swift */,
			);
			path = Utilities;
			sourceTree = "<group>";
		};
		EF30784DC647E79BB4E2C253 /* Frameworks */ = {
			isa = PBXGroup;
			children = (
				D5E7CBEC5BDC79C632A7B791 /* Pods_ProductViewer.framework */,
				E618AE765223D28174B6A267 /* Pods_ProductViewer_ProductViewerUITests.framework */,
				38A36C8399DE490490C3DABB /* Pods_ProductViewerTests.framework */,
			);
			name = Frameworks;
			sourceTree = "<group>";
		};
/* End PBXGroup section */

/* Begin PBXNativeTarget section */
		B82184E52A35E59600CA33A6 /* ProductViewer */ = {
			isa = PBXNativeTarget;
			buildConfigurationList = B82185132A35E59800CA33A6 /* Build configuration list for PBXNativeTarget "ProductViewer" */;
			buildPhases = (
				38F6CD6D95A9DED04AB3BC05 /* [CP] Check Pods Manifest.lock */,
				B82184E22A35E59600CA33A6 /* Sources */,
				B82184E32A35E59600CA33A6 /* Frameworks */,
				B82184E42A35E59600CA33A6 /* Resources */,
				1D76FF64F53FCE376E61E878 /* [CP] Embed Pods Frameworks */,
			);
			buildRules = (
			);
			dependencies = (
			);
			name = ProductViewer;
			productName = ProductViewer;
			productReference = B82184E62A35E59600CA33A6 /* ProductViewer.app */;
			productType = "com.apple.product-type.application";
		};
		B82184FE2A35E59800CA33A6 /* ProductViewerTests */ = {
			isa = PBXNativeTarget;
			buildConfigurationList = B82185162A35E59800CA33A6 /* Build configuration list for PBXNativeTarget "ProductViewerTests" */;
			buildPhases = (
				CB06A7B2D13EE63AFA1A072C /* [CP] Check Pods Manifest.lock */,
				B82184FB2A35E59800CA33A6 /* Sources */,
				B82184FC2A35E59800CA33A6 /* Frameworks */,
				B82184FD2A35E59800CA33A6 /* Resources */,
			);
			buildRules = (
			);
			dependencies = (
				B82185012A35E59800CA33A6 /* PBXTargetDependency */,
			);
			name = ProductViewerTests;
			productName = ProductViewerTests;
			productReference = B82184FF2A35E59800CA33A6 /* ProductViewerTests.xctest */;
			productType = "com.apple.product-type.bundle.unit-test";
		};
		B82185082A35E59800CA33A6 /* ProductViewerUITests */ = {
			isa = PBXNativeTarget;
			buildConfigurationList = B82185192A35E59800CA33A6 /* Build configuration list for PBXNativeTarget "ProductViewerUITests" */;
			buildPhases = (
				293099055E49ED092604E761 /* [CP] Check Pods Manifest.lock */,
				B82185052A35E59800CA33A6 /* Sources */,
				B82185062A35E59800CA33A6 /* Frameworks */,
				B82185072A35E59800CA33A6 /* Resources */,
				1BA88891B91D6E810E9A9752 /* [CP] Embed Pods Frameworks */,
			);
			buildRules = (
			);
			dependencies = (
				B821850B2A35E59800CA33A6 /* PBXTargetDependency */,
			);
			name = ProductViewerUITests;
			productName = ProductViewerUITests;
			productReference = B82185092A35E59800CA33A6 /* ProductViewerUITests.xctest */;
			productType = "com.apple.product-type.bundle.ui-testing";
		};
/* End PBXNativeTarget section */

/* Begin PBXProject section */
		B82184DE2A35E59600CA33A6 /* Project object */ = {
			isa = PBXProject;
			attributes = {
				BuildIndependentTargetsInParallel = 1;
				LastSwiftUpdateCheck = 1410;
				LastUpgradeCheck = 1410;
				TargetAttributes = {
					B82184E52A35E59600CA33A6 = {
						CreatedOnToolsVersion = 14.1;
					};
					B82184FE2A35E59800CA33A6 = {
						CreatedOnToolsVersion = 14.1;
						TestTargetID = B82184E52A35E59600CA33A6;
					};
					B82185082A35E59800CA33A6 = {
						CreatedOnToolsVersion = 14.1;
						TestTargetID = B82184E52A35E59600CA33A6;
					};
				};
			};
			buildConfigurationList = B82184E12A35E59600CA33A6 /* Build configuration list for PBXProject "ProductViewer" */;
			compatibilityVersion = "Xcode 14.0";
			developmentRegion = en;
			hasScannedForEncodings = 0;
			knownRegions = (
				en,
				Base,
			);
			mainGroup = B82184DD2A35E59600CA33A6;
			productRefGroup = B82184E72A35E59600CA33A6 /* Products */;
			projectDirPath = "";
			projectRoot = "";
			targets = (
				B82184E52A35E59600CA33A6 /* ProductViewer */,
				B82184FE2A35E59800CA33A6 /* ProductViewerTests */,
				B82185082A35E59800CA33A6 /* ProductViewerUITests */,
			);
		};
/* End PBXProject section */

/* Begin PBXResourcesBuildPhase section */
		B82184E42A35E59600CA33A6 /* Resources */ = {
			isa = PBXResourcesBuildPhase;
			buildActionMask = 2147483647;
			files = (
				B82184F92A35E59800CA33A6 /* LaunchScreen.storyboard in Resources */,
				B82184F62A35E59800CA33A6 /* Assets.xcassets in Resources */,
				B821853C2A35E94F00CA33A6 /* ProductCollectionViewCell.xib in Resources */,
				B82184F12A35E59600CA33A6 /* Main.storyboard in Resources */,
			);
			runOnlyForDeploymentPostprocessing = 0;
		};
		B82184FD2A35E59800CA33A6 /* Resources */ = {
			isa = PBXResourcesBuildPhase;
			buildActionMask = 2147483647;
			files = (
			);
			runOnlyForDeploymentPostprocessing = 0;
		};
		B82185072A35E59800CA33A6 /* Resources */ = {
			isa = PBXResourcesBuildPhase;
			buildActionMask = 2147483647;
			files = (
			);
			runOnlyForDeploymentPostprocessing = 0;
		};
/* End PBXResourcesBuildPhase section */

/* Begin PBXShellScriptBuildPhase section */
		1BA88891B91D6E810E9A9752 /* [CP] Embed Pods Frameworks */ = {
			isa = PBXShellScriptBuildPhase;
			buildActionMask = 2147483647;
			files = (
			);
			inputFileListPaths = (
				"${PODS_ROOT}/Target Support Files/Pods-ProductViewer-ProductViewerUITests/Pods-ProductViewer-ProductViewerUITests-frameworks-${CONFIGURATION}-input-files.xcfilelist",
			);
			name = "[CP] Embed Pods Frameworks";
			outputFileListPaths = (
				"${PODS_ROOT}/Target Support Files/Pods-ProductViewer-ProductViewerUITests/Pods-ProductViewer-ProductViewerUITests-frameworks-${CONFIGURATION}-output-files.xcfilelist",
			);
			runOnlyForDeploymentPostprocessing = 0;
			shellPath = /bin/sh;
			shellScript = "\"${PODS_ROOT}/Target Support Files/Pods-ProductViewer-ProductViewerUITests/Pods-ProductViewer-ProductViewerUITests-frameworks.sh\"\n";
			showEnvVarsInLog = 0;
		};
		1D76FF64F53FCE376E61E878 /* [CP] Embed Pods Frameworks */ = {
			isa = PBXShellScriptBuildPhase;
			buildActionMask = 2147483647;
			files = (
			);
			inputFileListPaths = (
				"${PODS_ROOT}/Target Support Files/Pods-ProductViewer/Pods-ProductViewer-frameworks-${CONFIGURATION}-input-files.xcfilelist",
			);
			name = "[CP] Embed Pods Frameworks";
			outputFileListPaths = (
				"${PODS_ROOT}/Target Support Files/Pods-ProductViewer/Pods-ProductViewer-frameworks-${CONFIGURATION}-output-files.xcfilelist",
			);
			runOnlyForDeploymentPostprocessing = 0;
			shellPath = /bin/sh;
			shellScript = "\"${PODS_ROOT}/Target Support Files/Pods-ProductViewer/Pods-ProductViewer-frameworks.sh\"\n";
			showEnvVarsInLog = 0;
		};
		293099055E49ED092604E761 /* [CP] Check Pods Manifest.lock */ = {
			isa = PBXShellScriptBuildPhase;
			buildActionMask = 2147483647;
			files = (
			);
			inputFileListPaths = (
			);
			inputPaths = (
				"${PODS_PODFILE_DIR_PATH}/Podfile.lock",
				"${PODS_ROOT}/Manifest.lock",
			);
			name = "[CP] Check Pods Manifest.lock";
			outputFileListPaths = (
			);
			outputPaths = (
				"$(DERIVED_FILE_DIR)/Pods-ProductViewer-ProductViewerUITests-checkManifestLockResult.txt",
			);
			runOnlyForDeploymentPostprocessing = 0;
			shellPath = /bin/sh;
			shellScript = "diff \"${PODS_PODFILE_DIR_PATH}/Podfile.lock\" \"${PODS_ROOT}/Manifest.lock\" > /dev/null\nif [ $? != 0 ] ; then\n    # print error to STDERR\n    echo \"error: The sandbox is not in sync with the Podfile.lock. Run 'pod install' or update your CocoaPods installation.\" >&2\n    exit 1\nfi\n# This output is used by Xcode 'outputs' to avoid re-running this script phase.\necho \"SUCCESS\" > \"${SCRIPT_OUTPUT_FILE_0}\"\n";
			showEnvVarsInLog = 0;
		};
		38F6CD6D95A9DED04AB3BC05 /* [CP] Check Pods Manifest.lock */ = {
			isa = PBXShellScriptBuildPhase;
			buildActionMask = 2147483647;
			files = (
			);
			inputFileListPaths = (
			);
			inputPaths = (
				"${PODS_PODFILE_DIR_PATH}/Podfile.lock",
				"${PODS_ROOT}/Manifest.lock",
			);
			name = "[CP] Check Pods Manifest.lock";
			outputFileListPaths = (
			);
			outputPaths = (
				"$(DERIVED_FILE_DIR)/Pods-ProductViewer-checkManifestLockResult.txt",
			);
			runOnlyForDeploymentPostprocessing = 0;
			shellPath = /bin/sh;
			shellScript = "diff \"${PODS_PODFILE_DIR_PATH}/Podfile.lock\" \"${PODS_ROOT}/Manifest.lock\" > /dev/null\nif [ $? != 0 ] ; then\n    # print error to STDERR\n    echo \"error: The sandbox is not in sync with the Podfile.lock. Run 'pod install' or update your CocoaPods installation.\" >&2\n    exit 1\nfi\n# This output is used by Xcode 'outputs' to avoid re-running this script phase.\necho \"SUCCESS\" > \"${SCRIPT_OUTPUT_FILE_0}\"\n";
			showEnvVarsInLog = 0;
		};
		CB06A7B2D13EE63AFA1A072C /* [CP] Check Pods Manifest.lock */ = {
			isa = PBXShellScriptBuildPhase;
			buildActionMask = 2147483647;
			files = (
			);
			inputFileListPaths = (
			);
			inputPaths = (
				"${PODS_PODFILE_DIR_PATH}/Podfile.lock",
				"${PODS_ROOT}/Manifest.lock",
			);
			name = "[CP] Check Pods Manifest.lock";
			outputFileListPaths = (
			);
			outputPaths = (
				"$(DERIVED_FILE_DIR)/Pods-ProductViewerTests-checkManifestLockResult.txt",
			);
			runOnlyForDeploymentPostprocessing = 0;
			shellPath = /bin/sh;
			shellScript = "diff \"${PODS_PODFILE_DIR_PATH}/Podfile.lock\" \"${PODS_ROOT}/Manifest.lock\" > /dev/null\nif [ $? != 0 ] ; then\n    # print error to STDERR\n    echo \"error: The sandbox is not in sync with the Podfile.lock. Run 'pod install' or update your CocoaPods installation.\" >&2\n    exit 1\nfi\n# This output is used by Xcode 'outputs' to avoid re-running this script phase.\necho \"SUCCESS\" > \"${SCRIPT_OUTPUT_FILE_0}\"\n";
			showEnvVarsInLog = 0;
		};
/* End PBXShellScriptBuildPhase section */

/* Begin PBXSourcesBuildPhase section */
		B82184E22A35E59600CA33A6 /* Sources */ = {
			isa = PBXSourcesBuildPhase;
			buildActionMask = 2147483647;
			files = (
				B82184F42A35E59600CA33A6 /* ProductViewer.xcdatamodeld in Sources */,
				B82185362A35E73400CA33A6 /* ProductDetailsViewModel.swift in Sources */,
				B82185232A35E61F00CA33A6 /* NetworkServiceProtocol.swift in Sources */,
				B82185382A35E8E200CA33A6 /* ProductCollectionViewController.swift in Sources */,
				B821851E2A35E5C900CA33A6 /* Products.swift in Sources */,
				B82184EA2A35E59600CA33A6 /* AppDelegate.swift in Sources */,
				B82184EC2A35E59600CA33A6 /* SceneDelegate.swift in Sources */,
				B84A78C02A375456002FE3D1 /* Constants.swift in Sources */,
				B82185312A35E6EA00CA33A6 /* ProductViewModel.swift in Sources */,
				B821852A2A35E67F00CA33A6 /* CachingService.swift in Sources */,
				B82185262A35E64900CA33A6 /* NetworkService.swift in Sources */,
				B821853B2A35E94F00CA33A6 /* ProductCollectionViewCell.swift in Sources */,
			);
			runOnlyForDeploymentPostprocessing = 0;
		};
		B82184FB2A35E59800CA33A6 /* Sources */ = {
			isa = PBXSourcesBuildPhase;
			buildActionMask = 2147483647;
			files = (
				B82185042A35E59800CA33A6 /* ProductViewerTests.swift in Sources */,
			);
			runOnlyForDeploymentPostprocessing = 0;
		};
		B82185052A35E59800CA33A6 /* Sources */ = {
			isa = PBXSourcesBuildPhase;
			buildActionMask = 2147483647;
			files = (
				B82185102A35E59800CA33A6 /* ProductViewerUITestsLaunchTests.swift in Sources */,
				B821850E2A35E59800CA33A6 /* ProductViewerUITests.swift in Sources */,
			);
			runOnlyForDeploymentPostprocessing = 0;
		};
/* End PBXSourcesBuildPhase section */

/* Begin PBXTargetDependency section */
		B82185012A35E59800CA33A6 /* PBXTargetDependency */ = {
			isa = PBXTargetDependency;
			target = B82184E52A35E59600CA33A6 /* ProductViewer */;
			targetProxy = B82185002A35E59800CA33A6 /* PBXContainerItemProxy */;
		};
		B821850B2A35E59800CA33A6 /* PBXTargetDependency */ = {
			isa = PBXTargetDependency;
			target = B82184E52A35E59600CA33A6 /* ProductViewer */;
			targetProxy = B821850A2A35E59800CA33A6 /* PBXContainerItemProxy */;
		};
/* End PBXTargetDependency section */

/* Begin PBXVariantGroup section */
		B82184EF2A35E59600CA33A6 /* Main.storyboard */ = {
			isa = PBXVariantGroup;
			children = (
				B82184F02A35E59600CA33A6 /* Base */,
			);
			name = Main.storyboard;
			sourceTree = "<group>";
		};
		B82184F72A35E59800CA33A6 /* LaunchScreen.storyboard */ = {
			isa = PBXVariantGroup;
			children = (
				B82184F82A35E59800CA33A6 /* Base */,
			);
			name = LaunchScreen.storyboard;
			sourceTree = "<group>";
		};
/* End PBXVariantGroup section */

/* Begin XCBuildConfiguration section */
		B82185112A35E59800CA33A6 /* Debug */ = {
			isa = XCBuildConfiguration;
			buildSettings = {
				ALWAYS_SEARCH_USER_PATHS = NO;
				CLANG_ANALYZER_NONNULL = YES;
				CLANG_ANALYZER_NUMBER_OBJECT_CONVERSION = YES_AGGRESSIVE;
				CLANG_CXX_LANGUAGE_STANDARD = "gnu++20";
				CLANG_ENABLE_MODULES = YES;
				CLANG_ENABLE_OBJC_ARC = YES;
				CLANG_ENABLE_OBJC_WEAK = YES;
				CLANG_WARN_BLOCK_CAPTURE_AUTORELEASING = YES;
				CLANG_WARN_BOOL_CONVERSION = YES;
				CLANG_WARN_COMMA = YES;
				CLANG_WARN_CONSTANT_CONVERSION = YES;
				CLANG_WARN_DEPRECATED_OBJC_IMPLEMENTATIONS = YES;
				CLANG_WARN_DIRECT_OBJC_ISA_USAGE = YES_ERROR;
				CLANG_WARN_DOCUMENTATION_COMMENTS = YES;
				CLANG_WARN_EMPTY_BODY = YES;
				CLANG_WARN_ENUM_CONVERSION = YES;
				CLANG_WARN_INFINITE_RECURSION = YES;
				CLANG_WARN_INT_CONVERSION = YES;
				CLANG_WARN_NON_LITERAL_NULL_CONVERSION = YES;
				CLANG_WARN_OBJC_IMPLICIT_RETAIN_SELF = YES;
				CLANG_WARN_OBJC_LITERAL_CONVERSION = YES;
				CLANG_WARN_OBJC_ROOT_CLASS = YES_ERROR;
				CLANG_WARN_QUOTED_INCLUDE_IN_FRAMEWORK_HEADER = YES;
				CLANG_WARN_RANGE_LOOP_ANALYSIS = YES;
				CLANG_WARN_STRICT_PROTOTYPES = YES;
				CLANG_WARN_SUSPICIOUS_MOVE = YES;
				CLANG_WARN_UNGUARDED_AVAILABILITY = YES_AGGRESSIVE;
				CLANG_WARN_UNREACHABLE_CODE = YES;
				CLANG_WARN__DUPLICATE_METHOD_MATCH = YES;
				COPY_PHASE_STRIP = NO;
				DEBUG_INFORMATION_FORMAT = dwarf;
				ENABLE_STRICT_OBJC_MSGSEND = YES;
				ENABLE_TESTABILITY = YES;
				GCC_C_LANGUAGE_STANDARD = gnu11;
				GCC_DYNAMIC_NO_PIC = NO;
				GCC_NO_COMMON_BLOCKS = YES;
				GCC_OPTIMIZATION_LEVEL = 0;
				GCC_PREPROCESSOR_DEFINITIONS = (
					"DEBUG=1",
					"$(inherited)",
				);
				GCC_WARN_64_TO_32_BIT_CONVERSION = YES;
				GCC_WARN_ABOUT_RETURN_TYPE = YES_ERROR;
				GCC_WARN_UNDECLARED_SELECTOR = YES;
				GCC_WARN_UNINITIALIZED_AUTOS = YES_AGGRESSIVE;
				GCC_WARN_UNUSED_FUNCTION = YES;
				GCC_WARN_UNUSED_VARIABLE = YES;
				IPHONEOS_DEPLOYMENT_TARGET = 16.1;
				MTL_ENABLE_DEBUG_INFO = INCLUDE_SOURCE;
				MTL_FAST_MATH = YES;
				ONLY_ACTIVE_ARCH = YES;
				SDKROOT = iphoneos;
				SWIFT_ACTIVE_COMPILATION_CONDITIONS = DEBUG;
				SWIFT_OPTIMIZATION_LEVEL = "-Onone";
			};
			name = Debug;
		};
		B82185122A35E59800CA33A6 /* Release */ = {
			isa = XCBuildConfiguration;
			buildSettings = {
				ALWAYS_SEARCH_USER_PATHS = NO;
				CLANG_ANALYZER_NONNULL = YES;
				CLANG_ANALYZER_NUMBER_OBJECT_CONVERSION = YES_AGGRESSIVE;
				CLANG_CXX_LANGUAGE_STANDARD = "gnu++20";
				CLANG_ENABLE_MODULES = YES;
				CLANG_ENABLE_OBJC_ARC = YES;
				CLANG_ENABLE_OBJC_WEAK = YES;
				CLANG_WARN_BLOCK_CAPTURE_AUTORELEASING = YES;
				CLANG_WARN_BOOL_CONVERSION = YES;
				CLANG_WARN_COMMA = YES;
				CLANG_WARN_CONSTANT_CONVERSION = YES;
				CLANG_WARN_DEPRECATED_OBJC_IMPLEMENTATIONS = YES;
				CLANG_WARN_DIRECT_OBJC_ISA_USAGE = YES_ERROR;
				CLANG_WARN_DOCUMENTATION_COMMENTS = YES;
				CLANG_WARN_EMPTY_BODY = YES;
				CLANG_WARN_ENUM_CONVERSION = YES;
				CLANG_WARN_INFINITE_RECURSION = YES;
				CLANG_WARN_INT_CONVERSION = YES;
				CLANG_WARN_NON_LITERAL_NULL_CONVERSION = YES;
				CLANG_WARN_OBJC_IMPLICIT_RETAIN_SELF = YES;
				CLANG_WARN_OBJC_LITERAL_CONVERSION = YES;
				CLANG_WARN_OBJC_ROOT_CLASS = YES_ERROR;
				CLANG_WARN_QUOTED_INCLUDE_IN_FRAMEWORK_HEADER = YES;
				CLANG_WARN_RANGE_LOOP_ANALYSIS = YES;
				CLANG_WARN_STRICT_PROTOTYPES = YES;
				CLANG_WARN_SUSPICIOUS_MOVE = YES;
				CLANG_WARN_UNGUARDED_AVAILABILITY = YES_AGGRESSIVE;
				CLANG_WARN_UNREACHABLE_CODE = YES;
				CLANG_WARN__DUPLICATE_METHOD_MATCH = YES;
				COPY_PHASE_STRIP = NO;
				DEBUG_INFORMATION_FORMAT = "dwarf-with-dsym";
				ENABLE_NS_ASSERTIONS = NO;
				ENABLE_STRICT_OBJC_MSGSEND = YES;
				GCC_C_LANGUAGE_STANDARD = gnu11;
				GCC_NO_COMMON_BLOCKS = YES;
				GCC_WARN_64_TO_32_BIT_CONVERSION = YES;
				GCC_WARN_ABOUT_RETURN_TYPE = YES_ERROR;
				GCC_WARN_UNDECLARED_SELECTOR = YES;
				GCC_WARN_UNINITIALIZED_AUTOS = YES_AGGRESSIVE;
				GCC_WARN_UNUSED_FUNCTION = YES;
				GCC_WARN_UNUSED_VARIABLE = YES;
				IPHONEOS_DEPLOYMENT_TARGET = 16.1;
				MTL_ENABLE_DEBUG_INFO = NO;
				MTL_FAST_MATH = YES;
				SDKROOT = iphoneos;
				SWIFT_COMPILATION_MODE = wholemodule;
				SWIFT_OPTIMIZATION_LEVEL = "-O";
				VALIDATE_PRODUCT = YES;
			};
			name = Release;
		};
		B82185142A35E59800CA33A6 /* Debug */ = {
			isa = XCBuildConfiguration;
			baseConfigurationReference = 9B21A6B5B91F018E378C72AC /* Pods-ProductViewer.debug.xcconfig */;
			buildSettings = {
				ASSETCATALOG_COMPILER_APPICON_NAME = AppIcon;
				ASSETCATALOG_COMPILER_GLOBAL_ACCENT_COLOR_NAME = AccentColor;
				CODE_SIGN_STYLE = Automatic;
				CURRENT_PROJECT_VERSION = 1;
				GENERATE_INFOPLIST_FILE = YES;
				INFOPLIST_FILE = ProductViewer/Info.plist;
				INFOPLIST_KEY_UIApplicationSupportsIndirectInputEvents = YES;
				INFOPLIST_KEY_UILaunchStoryboardName = LaunchScreen;
				INFOPLIST_KEY_UIMainStoryboardFile = Main;
				INFOPLIST_KEY_UISupportedInterfaceOrientations = "UIInterfaceOrientationLandscapeLeft UIInterfaceOrientationLandscapeRight UIInterfaceOrientationPortrait";
				INFOPLIST_KEY_UISupportedInterfaceOrientations_iPad = "UIInterfaceOrientationLandscapeLeft UIInterfaceOrientationLandscapeRight UIInterfaceOrientationPortrait UIInterfaceOrientationPortraitUpsideDown";
				LD_RUNPATH_SEARCH_PATHS = (
					"$(inherited)",
					"@executable_path/Frameworks",
				);
				MARKETING_VERSION = 1.0;
				PRODUCT_BUNDLE_IDENTIFIER = abdullah.ProductViewer;
				PRODUCT_NAME = "$(TARGET_NAME)";
				SWIFT_EMIT_LOC_STRINGS = YES;
				SWIFT_VERSION = 5.0;
				TARGETED_DEVICE_FAMILY = "1,2";
			};
			name = Debug;
		};
		B82185152A35E59800CA33A6 /* Release */ = {
			isa = XCBuildConfiguration;
			baseConfigurationReference = D274F5876D0CB73A3F62AB82 /* Pods-ProductViewer.release.xcconfig */;
			buildSettings = {
				ASSETCATALOG_COMPILER_APPICON_NAME = AppIcon;
				ASSETCATALOG_COMPILER_GLOBAL_ACCENT_COLOR_NAME = AccentColor;
				CODE_SIGN_STYLE = Automatic;
				CURRENT_PROJECT_VERSION = 1;
				GENERATE_INFOPLIST_FILE = YES;
				INFOPLIST_FILE = ProductViewer/Info.plist;
				INFOPLIST_KEY_UIApplicationSupportsIndirectInputEvents = YES;
				INFOPLIST_KEY_UILaunchStoryboardName = LaunchScreen;
				INFOPLIST_KEY_UIMainStoryboardFile = Main;
				INFOPLIST_KEY_UISupportedInterfaceOrientations = "UIInterfaceOrientationLandscapeLeft UIInterfaceOrientationLandscapeRight UIInterfaceOrientationPortrait";
				INFOPLIST_KEY_UISupportedInterfaceOrientations_iPad = "UIInterfaceOrientationLandscapeLeft UIInterfaceOrientationLandscapeRight UIInterfaceOrientationPortrait UIInterfaceOrientationPortraitUpsideDown";
				LD_RUNPATH_SEARCH_PATHS = (
					"$(inherited)",
					"@executable_path/Frameworks",
				);
				MARKETING_VERSION = 1.0;
				PRODUCT_BUNDLE_IDENTIFIER = abdullah.ProductViewer;
				PRODUCT_NAME = "$(TARGET_NAME)";
				SWIFT_EMIT_LOC_STRINGS = YES;
				SWIFT_VERSION = 5.0;
				TARGETED_DEVICE_FAMILY = "1,2";
			};
			name = Release;
		};
		B82185172A35E59800CA33A6 /* Debug */ = {
			isa = XCBuildConfiguration;
			baseConfigurationReference = 1E6150AA27A96639FED04BAE /* Pods-ProductViewerTests.debug.xcconfig */;
			buildSettings = {
				ALWAYS_EMBED_SWIFT_STANDARD_LIBRARIES = YES;
				BUNDLE_LOADER = "$(TEST_HOST)";
				CODE_SIGN_STYLE = Automatic;
				CURRENT_PROJECT_VERSION = 1;
				GENERATE_INFOPLIST_FILE = YES;
				IPHONEOS_DEPLOYMENT_TARGET = 16.1;
				MARKETING_VERSION = 1.0;
				PRODUCT_BUNDLE_IDENTIFIER = abdullah.ProductViewerTests;
				PRODUCT_NAME = "$(TARGET_NAME)";
				SWIFT_EMIT_LOC_STRINGS = NO;
				SWIFT_VERSION = 5.0;
				TARGETED_DEVICE_FAMILY = "1,2";
				TEST_HOST = "$(BUILT_PRODUCTS_DIR)/ProductViewer.app/$(BUNDLE_EXECUTABLE_FOLDER_PATH)/ProductViewer";
			};
			name = Debug;
		};
		B82185182A35E59800CA33A6 /* Release */ = {
			isa = XCBuildConfiguration;
			baseConfigurationReference = DE65EED174C25B78BF9B7F52 /* Pods-ProductViewerTests.release.xcconfig */;
			buildSettings = {
				ALWAYS_EMBED_SWIFT_STANDARD_LIBRARIES = YES;
				BUNDLE_LOADER = "$(TEST_HOST)";
				CODE_SIGN_STYLE = Automatic;
				CURRENT_PROJECT_VERSION = 1;
				GENERATE_INFOPLIST_FILE = YES;
				IPHONEOS_DEPLOYMENT_TARGET = 16.1;
				MARKETING_VERSION = 1.0;
				PRODUCT_BUNDLE_IDENTIFIER = abdullah.ProductViewerTests;
				PRODUCT_NAME = "$(TARGET_NAME)";
				SWIFT_EMIT_LOC_STRINGS = NO;
				SWIFT_VERSION = 5.0;
				TARGETED_DEVICE_FAMILY = "1,2";
				TEST_HOST = "$(BUILT_PRODUCTS_DIR)/ProductViewer.app/$(BUNDLE_EXECUTABLE_FOLDER_PATH)/ProductViewer";
			};
			name = Release;
		};
		B821851A2A35E59800CA33A6 /* Debug */ = {
			isa = XCBuildConfiguration;
			baseConfigurationReference = 4AADC2215D9CED5C6FF32E52 /* Pods-ProductViewer-ProductViewerUITests.debug.xcconfig */;
			buildSettings = {
				ALWAYS_EMBED_SWIFT_STANDARD_LIBRARIES = YES;
				CODE_SIGN_STYLE = Automatic;
				CURRENT_PROJECT_VERSION = 1;
				GENERATE_INFOPLIST_FILE = YES;
				MARKETING_VERSION = 1.0;
				PRODUCT_BUNDLE_IDENTIFIER = abdullah.ProductViewerUITests;
				PRODUCT_NAME = "$(TARGET_NAME)";
				SWIFT_EMIT_LOC_STRINGS = NO;
				SWIFT_VERSION = 5.0;
				TARGETED_DEVICE_FAMILY = "1,2";
				TEST_TARGET_NAME = ProductViewer;
			};
			name = Debug;
		};
		B821851B2A35E59800CA33A6 /* Release */ = {
			isa = XCBuildConfiguration;
			baseConfigurationReference = 739986AA972B6166C274BF91 /* Pods-ProductViewer-ProductViewerUITests.release.xcconfig */;
			buildSettings = {
				ALWAYS_EMBED_SWIFT_STANDARD_LIBRARIES = YES;
				CODE_SIGN_STYLE = Automatic;
				CURRENT_PROJECT_VERSION = 1;
				GENERATE_INFOPLIST_FILE = YES;
				MARKETING_VERSION = 1.0;
				PRODUCT_BUNDLE_IDENTIFIER = abdullah.ProductViewerUITests;
				PRODUCT_NAME = "$(TARGET_NAME)";
				SWIFT_EMIT_LOC_STRINGS = NO;
				SWIFT_VERSION = 5.0;
				TARGETED_DEVICE_FAMILY = "1,2";
				TEST_TARGET_NAME = ProductViewer;
			};
			name = Release;
		};
/* End XCBuildConfiguration section */

/* Begin XCConfigurationList section */
		B82184E12A35E59600CA33A6 /* Build configuration list for PBXProject "ProductViewer" */ = {
			isa = XCConfigurationList;
			buildConfigurations = (
				B82185112A35E59800CA33A6 /* Debug */,
				B82185122A35E59800CA33A6 /* Release */,
			);
			defaultConfigurationIsVisible = 0;
			defaultConfigurationName = Release;
		};
		B82185132A35E59800CA33A6 /* Build configuration list for PBXNativeTarget "ProductViewer" */ = {
			isa = XCConfigurationList;
			buildConfigurations = (
				B82185142A35E59800CA33A6 /* Debug */,
				B82185152A35E59800CA33A6 /* Release */,
			);
			defaultConfigurationIsVisible = 0;
			defaultConfigurationName = Release;
		};
		B82185162A35E59800CA33A6 /* Build configuration list for PBXNativeTarget "ProductViewerTests" */ = {
			isa = XCConfigurationList;
			buildConfigurations = (
				B82185172A35E59800CA33A6 /* Debug */,
				B82185182A35E59800CA33A6 /* Release */,
			);
			defaultConfigurationIsVisible = 0;
			defaultConfigurationName = Release;
		};
		B82185192A35E59800CA33A6 /* Build configuration list for PBXNativeTarget "ProductViewerUITests" */ = {
			isa = XCConfigurationList;
			buildConfigurations = (
				B821851A2A35E59800CA33A6 /* Debug */,
				B821851B2A35E59800CA33A6 /* Release */,
			);
			defaultConfigurationIsVisible = 0;
			defaultConfigurationName = Release;
		};
/* End XCConfigurationList section */

/* Begin XCVersionGroup section */
		B82184F22A35E59600CA33A6 /* ProductViewer.xcdatamodeld */ = {
			isa = XCVersionGroup;
			children = (
				B82184F32A35E59600CA33A6 /* ProductViewer.xcdatamodel */,
			);
			currentVersion = B82184F32A35E59600CA33A6 /* ProductViewer.xcdatamodel */;
			path = ProductViewer.xcdatamodeld;
			sourceTree = "<group>";
			versionGroupType = wrapper.xcdatamodel;
		};
/* End XCVersionGroup section */
	};
	rootObject = B82184DE2A35E59600CA33A6 /* Project object */;
}
